
Microsoft Visual Studio Solution File, Format Version 12.00
# Visual Studio Version 17
VisualStudioVersion = 17.0.31903.59
MinimumVisualStudioVersion = 10.0.40219.1
Project("{FAE04EC0-301F-11D3-BF4B-00C04F79EFBC}") = "PiNo.Labs.VariationsAuditor.Core", "src\PiNo.Labs.VariationsAuditor.Core\PiNo.Labs.VariationsAuditor.Core.csproj", "{2B9F1E55-9C2A-4E58-9D2E-7A1F0C3B4D10}"
EndProject
Project("{FAE04EC0-301F-11D3-BF4B-00C04F79EFBC}") = "PiNo.Labs.VariationsAuditor.Addon", "src\PiNo.Labs.VariationsAuditor.Addon\PiNo.Labs.VariationsAuditor.Addon.csproj", "{7E3C1A22-4D6B-49F1-A2C7-8B5E0D9F3C21}"
EndProject
Project("{2150E333-8FDC-42A3-9474-1A3956D46DE8}") = "tests", "tests", "{0AB3BF05-4346-4AA6-1389-037BE0695223}"
EndProject
Project("{FAE04EC0-301F-11D3-BF4B-00C04F79EFBC}") = "PiNo.Labs.VariationsAuditor.Tests", "tests\PiNo.Labs.VariationsAuditor.Tests\PiNo.Labs.VariationsAuditor.Tests.csproj", "{0215991C-3511-4A69-9E7E-ECF38D425F55}"
EndProject
Project("{2150E333-8FDC-42A3-9474-1A3956D46DE8}") = "src", "src", "{827E0CD3-B72D-47B6-A68D-7590B98EB39B}"
EndProject
Global
	GlobalSection(SolutionConfigurationPlatforms) = preSolution
		Debug|Any CPU = Debug|Any CPU
		Debug|x64 = Debug|x64
		Debug|x86 = Debug|x86
		Release|Any CPU = Release|Any CPU
		Release|x64 = Release|x64
		Release|x86 = Release|x86
	EndGlobalSection
	GlobalSection(ProjectConfigurationPlatforms) = postSolution
		{2B9F1E55-9C2A-4E58-9D2E-7A1F0C3B4D10}.Debug|Any CPU.ActiveCfg = Debug|Any CPU
		{2B9F1E55-9C2A-4E58-9D2E-7A1F0C3B4D10}.Debug|Any CPU.Build.0 = Debug|Any CPU
		{2B9F1E55-9C2A-4E58-9D2E-7A1F0C3B4D10}.Debug|x64.ActiveCfg = Debug|Any CPU
		{2B9F1E55-9C2A-4E58-9D2E-7A1F0C3B4D10}.Debug|x64.Build.0 = Debug|Any CPU
		{2B9F1E55-9C2A-4E58-9D2E-7A1F0C3B4D10}.Debug|x86.ActiveCfg = Debug|Any CPU
		{2B9F1E55-9C2A-4E58-9D2E-7A1F0C3B4D10}.Debug|x86.Build.0 = Debug|Any CPU
		{2B9F1E55-9C2A-4E58-9D2E-7A1F0C3B4D10}.Release|Any CPU.ActiveCfg = Release|Any CPU
		{2B9F1E55-9C2A-4E58-9D2E-7A1F0C3B4D10}.Release|Any CPU.Build.0 = Release|Any CPU
		{2B9F1E55-9C2A-4E58-9D2E-7A1F0C3B4D10}.Release|x64.ActiveCfg = Release|Any CPU
		{2B9F1E55-9C2A-4E58-9D2E-7A1F0C3B4D10}.Release|x64.Build.0 = Release|Any CPU
		{2B9F1E55-9C2A-4E58-9D2E-7A1F0C3B4D10}.Release|x86.ActiveCfg = Release|Any CPU
		{2B9F1E55-9C2A-4E58-9D2E-7A1F0C3B4D10}.Release|x86.Build.0 = Release|Any CPU
		{7E3C1A22-4D6B-49F1-A2C7-8B5E0D9F3C21}.Debug|Any CPU.ActiveCfg = Debug|Any CPU
		{7E3C1A22-4D6B-49F1-A2C7-8B5E0D9F3C21}.Debug|Any CPU.Build.0 = Debug|Any CPU
		{7E3C1A22-4D6B-49F1-A2C7-8B5E0D9F3C21}.Debug|x64.ActiveCfg = Debug|Any CPU
		{7E3C1A22-4D6B-49F1-A2C7-8B5E0D9F3C21}.Debug|x64.Build.0 = Debug|Any CPU
		{7E3C1A22-4D6B-49F1-A2C7-8B5E0D9F3C21}.Debug|x86.ActiveCfg = Debug|Any CPU
		{7E3C1A22-4D6B-49F1-A2C7-8B5E0D9F3C21}.Debug|x86.Build.0 = Debug|Any CPU
		{7E3C1A22-4D6B-49F1-A2C7-8B5E0D9F3C21}.Release|Any CPU.ActiveCfg = Release|Any CPU
		{7E3C1A22-4D6B-49F1-A2C7-8B5E0D9F3C21}.Release|Any CPU.Build.0 = Release|Any CPU
		{7E3C1A22-4D6B-49F1-A2C7-8B5E0D9F3C21}.Release|x64.ActiveCfg = Release|Any CPU
		{7E3C1A22-4D6B-49F1-A2C7-8B5E0D9F3C21}.Release|x64.Build.0 = Release|Any CPU
		{7E3C1A22-4D6B-49F1-A2C7-8B5E0D9F3C21}.Release|x86.ActiveCfg = Release|Any CPU
		{7E3C1A22-4D6B-49F1-A2C7-8B5E0D9F3C21}.Release|x86.Build.0 = Release|Any CPU
		{0215991C-3511-4A69-9E7E-ECF38D425F55}.Debug|Any CPU.ActiveCfg = Debug|Any CPU
		{0215991C-3511-4A69-9E7E-ECF38D425F55}.Debug|Any CPU.Build.0 = Debug|Any CPU
		{0215991C-3511-4A69-9E7E-ECF38D425F55}.Debug|x64.ActiveCfg = Debug|Any CPU
		{0215991C-3511-4A69-9E7E-ECF38D425F55}.Debug|x64.Build.0 = Debug|Any CPU
		{0215991C-3511-4A69-9E7E-ECF38D425F55}.Debug|x86.ActiveCfg = Debug|Any CPU
		{0215991C-3511-4A69-9E7E-ECF38D425F55}.Debug|x86.Build.0 = Debug|Any CPU
		{0215991C-3511-4A69-9E7E-ECF38D425F55}.Release|Any CPU.ActiveCfg = Release|Any CPU
		{0215991C-3511-4A69-9E7E-ECF38D425F55}.Release|Any CPU.Build.0 = Release|Any CPU
		{0215991C-3511-4A69-9E7E-ECF38D425F55}.Release|x64.ActiveCfg = Release|Any CPU
		{0215991C-3511-4A69-9E7E-ECF38D425F55}.Release|x64.Build.0 = Release|Any CPU
		{0215991C-3511-4A69-9E7E-ECF38D425F55}.Release|x86.ActiveCfg = Release|Any CPU
		{0215991C-3511-4A69-9E7E-ECF38D425F55}.Release|x86.Build.0 = Release|Any CPU
	EndGlobalSection
	GlobalSection(SolutionProperties) = preSolution
		HideSolutionNode = FALSE
	EndGlobalSection
	GlobalSection(NestedProjects) = preSolution
		{0215991C-3511-4A69-9E7E-ECF38D425F55} = {0AB3BF05-4346-4AA6-1389-037BE0695223}
	EndGlobalSection
EndGlobal
